
Microsoft Visual Studio Solution File, Format Version 12.00
# Visual Studio Version 17
VisualStudioVersion = 17.13.35931.197
MinimumVisualStudioVersion = 10.0.40219.1
Project("{2150E333-8FDC-42A3-9474-1A3956D46DE8}") = "src", "src", "{02EA681E-C7D8-13C7-8484-4AC65E1B71E8}"
EndProject
Project("{FAE04EC0-301F-11D3-BF4B-00C04F79EFBC}") = "InventorySystem.Api", "src\InventorySystem.Api\InventorySystem.Api.csproj", "{1EDC414B-AE89-49E1-9B1E-1595B7FFBB6B}"
EndProject
Project("{FAE04EC0-301F-11D3-BF4B-00C04F79EFBC}") = "InventorySystem.Communication", "src\InventorySystem.Communication\InventorySystem.Communication.csproj", "{030BB0C5-9D7D-4AE8-A3A2-E70067D9142A}"
EndProject
Global
	GlobalSection(SolutionConfigurationPlatforms) = preSolution
		Debug|Any CPU = Debug|Any CPU
		Release|Any CPU = Release|Any CPU
	EndGlobalSection
	GlobalSection(ProjectConfigurationPlatforms) = postSolution
		{1EDC414B-AE89-49E1-9B1E-1595B7FFBB6B}.Debug|Any CPU.ActiveCfg = Debug|Any CPU
		{1EDC414B-AE89-49E1-9B1E-1595B7FFBB6B}.Debug|Any CPU.Build.0 = Debug|Any CPU
		{1EDC414B-AE89-49E1-9B1E-1595B7FFBB6B}.Release|Any CPU.ActiveCfg = Release|Any CPU
		{1EDC414B-AE89-49E1-9B1E-1595B7FFBB6B}.Release|Any CPU.Build.0 = Release|Any CPU
		{030BB0C5-9D7D-4AE8-A3A2-E70067D9142A}.Debug|Any CPU.ActiveCfg = Debug|Any CPU
		{030BB0C5-9D7D-4AE8-A3A2-E70067D9142A}.Debug|Any CPU.Build.0 = Debug|Any CPU
		{030BB0C5-9D7D-4AE8-A3A2-E70067D9142A}.Release|Any CPU.ActiveCfg = Release|Any CPU
		{030BB0C5-9D7D-4AE8-A3A2-E70067D9142A}.Release|Any CPU.Build.0 = Release|Any CPU
	EndGlobalSection
	GlobalSection(SolutionProperties) = preSolution
		HideSolutionNode = FALSE
	EndGlobalSection
	GlobalSection(NestedProjects) = preSolution
		{1EDC414B-AE89-49E1-9B1E-1595B7FFBB6B} = {02EA681E-C7D8-13C7-8484-4AC65E1B71E8}
		{030BB0C5-9D7D-4AE8-A3A2-E70067D9142A} = {02EA681E-C7D8-13C7-8484-4AC65E1B71E8}
	EndGlobalSection
	GlobalSection(ExtensibilityGlobals) = postSolution
		SolutionGuid = {44A11217-FAFC-4CA9-9559-2F3CC16B843A}
	EndGlobalSection
EndGlobal
